
Microsoft Visual Studio Solution File, Format Version 12.00
# Visual Studio Version 17
VisualStudioVersion = 17.7.34018.315
MinimumVisualStudioVersion = 10.0.40219.1
Project("{FAE04EC0-301F-11D3-BF4B-00C04F79EFBC}") = "Car Rental", "Car Rental\Car Rental.csproj", "{203328ED-8B62-49C5-90FF-CFDCF03138F6}"
EndProject
Project("{FAE04EC0-301F-11D3-BF4B-00C04F79EFBC}") = "Car Rental.Business", "Car Rental.Business\Car Rental.Business.csproj", "{DFEA2F7F-5B5B-411D-9786-04E731A77FDF}"
EndProject
Project("{FAE04EC0-301F-11D3-BF4B-00C04F79EFBC}") = "Car Rental.Common", "Car Rental.Common\Car Rental.Common.csproj", "{3EF497A4-11BE-4DFE-9004-1AC07B103462}"
EndProject
Project("{FAE04EC0-301F-11D3-BF4B-00C04F79EFBC}") = "Car Rental.Data", "Car Rental.Data\Car Rental.Data.csproj", "{B1F19ECB-4631-4767-B23C-239B8AF88746}"
EndProject
Global
	GlobalSection(SolutionConfigurationPlatforms) = preSolution
		Debug|Any CPU = Debug|Any CPU
		Release|Any CPU = Release|Any CPU
	EndGlobalSection
	GlobalSection(ProjectConfigurationPlatforms) = postSolution
		{203328ED-8B62-49C5-90FF-CFDCF03138F6}.Debug|Any CPU.ActiveCfg = Debug|Any CPU
		{203328ED-8B62-49C5-90FF-CFDCF03138F6}.Debug|Any CPU.Build.0 = Debug|Any CPU
		{203328ED-8B62-49C5-90FF-CFDCF03138F6}.Release|Any CPU.ActiveCfg = Release|Any CPU
		{203328ED-8B62-49C5-90FF-CFDCF03138F6}.Release|Any CPU.Build.0 = Release|Any CPU
		{DFEA2F7F-5B5B-411D-9786-04E731A77FDF}.Debug|Any CPU.ActiveCfg = Debug|Any CPU
		{DFEA2F7F-5B5B-411D-9786-04E731A77FDF}.Debug|Any CPU.Build.0 = Debug|Any CPU
		{DFEA2F7F-5B5B-411D-9786-04E731A77FDF}.Release|Any CPU.ActiveCfg = Release|Any CPU
		{DFEA2F7F-5B5B-411D-9786-04E731A77FDF}.Release|Any CPU.Build.0 = Release|Any CPU
		{3EF497A4-11BE-4DFE-9004-1AC07B103462}.Debug|Any CPU.ActiveCfg = Debug|Any CPU
		{3EF497A4-11BE-4DFE-9004-1AC07B103462}.Debug|Any CPU.Build.0 = Debug|Any CPU
		{3EF497A4-11BE-4DFE-9004-1AC07B103462}.Release|Any CPU.ActiveCfg = Release|Any CPU
		{3EF497A4-11BE-4DFE-9004-1AC07B103462}.Release|Any CPU.Build.0 = Release|Any CPU
		{B1F19ECB-4631-4767-B23C-239B8AF88746}.Debug|Any CPU.ActiveCfg = Debug|Any CPU
		{B1F19ECB-4631-4767-B23C-239B8AF88746}.Debug|Any CPU.Build.0 = Debug|Any CPU
		{B1F19ECB-4631-4767-B23C-239B8AF88746}.Release|Any CPU.ActiveCfg = Release|Any CPU
		{B1F19ECB-4631-4767-B23C-239B8AF88746}.Release|Any CPU.Build.0 = Release|Any CPU
	EndGlobalSection
	GlobalSection(SolutionProperties) = preSolution
		HideSolutionNode = FALSE
	EndGlobalSection
	GlobalSection(ExtensibilityGlobals) = postSolution
		SolutionGuid = {87ABE576-4BD1-4767-811A-7451D678B81D}
	EndGlobalSection
EndGlobal
